
Microsoft Visual Studio Solution File, Format Version 12.00
# Visual Studio 14
VisualStudioVersion = 14.0.25420.1
MinimumVisualStudioVersion = 10.0.40219.1
Project("{F184B08F-C81C-45F6-A57F-5ABD9991F28F}") = "ScanBot", "ScanBot\ScanBot.vbproj", "{FFEB457F-1D8F-43D1-B430-6737576038A6}"
EndProject
Project("{54435603-DBB4-11D2-8724-00A0C9A8B90C}") = "SetupScanBot", "SetupScanBot\SetupScanBot.vdproj", "{58BC37F4-3885-4921-A24F-F9D8B74208AF}"
EndProject
Global
	GlobalSection(SolutionConfigurationPlatforms) = preSolution
		Debug|Any CPU = Debug|Any CPU
		Release|Any CPU = Release|Any CPU
	EndGlobalSection
	GlobalSection(ProjectConfigurationPlatforms) = postSolution
		{FFEB457F-1D8F-43D1-B430-6737576038A6}.Debug|Any CPU.ActiveCfg = Debug|Any CPU
		{FFEB457F-1D8F-43D1-B430-6737576038A6}.Debug|Any CPU.Build.0 = Debug|Any CPU
		{FFEB457F-1D8F-43D1-B430-6737576038A6}.Release|Any CPU.ActiveCfg = Debug|Any CPU
		{FFEB457F-1D8F-43D1-B430-6737576038A6}.Release|Any CPU.Build.0 = Debug|Any CPU
		{58BC37F4-3885-4921-A24F-F9D8B74208AF}.Debug|Any CPU.ActiveCfg = Release
		{58BC37F4-3885-4921-A24F-F9D8B74208AF}.Debug|Any CPU.Build.0 = Release
		{58BC37F4-3885-4921-A24F-F9D8B74208AF}.Release|Any CPU.ActiveCfg = Release
		{58BC37F4-3885-4921-A24F-F9D8B74208AF}.Release|Any CPU.Build.0 = Release
	EndGlobalSection
	GlobalSection(SolutionProperties) = preSolution
		HideSolutionNode = FALSE
	EndGlobalSection
EndGlobal
